
Microsoft Visual Studio Solution File, Format Version 12.00
# Visual Studio Version 17
VisualStudioVersion = 17.7.34031.279
MinimumVisualStudioVersion = 10.0.40219.1
Project("{9A19103F-16F7-4668-BE54-9A1E7A4F7556}") = "TP4", "TP4\TP4.csproj", "{A5CDC6B8-377A-4EDD-B08C-6A32ECCD089F}"
EndProject
Global
	GlobalSection(SolutionConfigurationPlatforms) = preSolution
		Debug|Any CPU = Debug|Any CPU
		Release|Any CPU = Release|Any CPU
	EndGlobalSection
	GlobalSection(ProjectConfigurationPlatforms) = postSolution
		{A5CDC6B8-377A-4EDD-B08C-6A32ECCD089F}.Debug|Any CPU.ActiveCfg = Debug|Any CPU
		{A5CDC6B8-377A-4EDD-B08C-6A32ECCD089F}.Debug|Any CPU.Build.0 = Debug|Any CPU
		{A5CDC6B8-377A-4EDD-B08C-6A32ECCD089F}.Release|Any CPU.ActiveCfg = Release|Any CPU
		{A5CDC6B8-377A-4EDD-B08C-6A32ECCD089F}.Release|Any CPU.Build.0 = Release|Any CPU
	EndGlobalSection
	GlobalSection(SolutionProperties) = preSolution
		HideSolutionNode = FALSE
	EndGlobalSection
	GlobalSection(ExtensibilityGlobals) = postSolution
		SolutionGuid = {4A2BE9AD-CB04-46D2-8381-8CDF9B4E9513}
	EndGlobalSection
EndGlobal
